
Microsoft Visual Studio Solution File, Format Version 12.00
# Visual Studio Version 16
VisualStudioVersion = 16.0.31321.278
MinimumVisualStudioVersion = 10.0.40219.1
Project("{FAE04EC0-301F-11D3-BF4B-00C04F79EFBC}") = "Racing Game", "Racing Game\Racing Game.csproj", "{5B1DC336-6929-496E-865C-F28620AEDF79}"
EndProject
Global
	GlobalSection(SolutionConfigurationPlatforms) = preSolution
		Debug|Any CPU = Debug|Any CPU
		Release|Any CPU = Release|Any CPU
	EndGlobalSection
	GlobalSection(ProjectConfigurationPlatforms) = postSolution
		{5B1DC336-6929-496E-865C-F28620AEDF79}.Debug|Any CPU.ActiveCfg = Debug|Any CPU
		{5B1DC336-6929-496E-865C-F28620AEDF79}.Debug|Any CPU.Build.0 = Debug|Any CPU
		{5B1DC336-6929-496E-865C-F28620AEDF79}.Release|Any CPU.ActiveCfg = Release|Any CPU
		{5B1DC336-6929-496E-865C-F28620AEDF79}.Release|Any CPU.Build.0 = Release|Any CPU
	EndGlobalSection
	GlobalSection(SolutionProperties) = preSolution
		HideSolutionNode = FALSE
	EndGlobalSection
	GlobalSection(ExtensibilityGlobals) = postSolution
		SolutionGuid = {5FE1372D-804E-444B-A966-3118FA529607}
	EndGlobalSection
EndGlobal
